<?xml version="1.0" encoding="utf-8"?>
<Project ToolsVersion="4.0" xmlns="http://schemas.microsoft.com/developer/msbuild/2003">
  <ItemGroup>
    <Filter Include="Source Files">
      <UniqueIdentifier>{4FC737F1-C7A5-4376-A066-2A32D752A2FF}</UniqueIdentifier>
      <Extensions>cpp;c;cc;cxx;c++;def;odl;idl;hpj;bat;asm;asmx</Extensions>
    </Filter>
    <Filter Include="Resource Files">
      <UniqueIdentifier>{67DA6AB6-F800-4c08-8B7A-83BB121AAD01}</UniqueIdentifier>
      <Extensions>rc;ico;cur;bmp;dlg;rc2;rct;bin;rgs;gif;jpg;jpeg;jpe;resx;tiff;tif;png;wav;mfcribbon-ms</Extensions>
    </Filter>
  </ItemGroup>
  <ItemGroup>
    <ClCompile Include="Client.cpp">
      <Filter>Source Files</Filter>
    </ClCompile>
    <ClCompile Include="Audio\AudioObject.cpp">
      <Filter>Source Files</Filter>
    </ClCompile>
    <ClCompile Include="Audio\AudioSystem.cpp">
      <Filter>Source Files</Filter>
    </ClCompile>
    <ClCompile Include="Audio\Buffer.cpp">
      <Filter>Source Files</Filter>
    </ClCompile>
    <ClCompile Include="Audio\Effect.cpp">
      <Filter>Source Files</Filter>
    </ClCompile>
    <ClCompile Include="Audio\Source.cpp">
      <Filter>Source Files</Filter>
    </ClCompile>
    <ClCompile Include="Audio\StreamParser.cpp">
      <Filter>Source Files</Filter>
    </ClCompile>
    <ClCompile Include="Audio\StreamParserWav.cpp">
      <Filter>Source Files</Filter>
    </ClCompile>
    <ClCompile Include="Auxiliary\Config.cpp">
      <Filter>Source Files</Filter>
    </ClCompile>
    <ClCompile Include="Auxiliary\Filehandle.cpp">
      <Filter>Source Files</Filter>
    </ClCompile>
    <ClCompile Include="Auxiliary\Filesystem.cpp">
      <Filter>Source Files</Filter>
    </ClCompile>
    <ClCompile Include="Auxiliary\fpscounter.cpp">
      <Filter>Source Files</Filter>
    </ClCompile>
    <ClCompile Include="Auxiliary\Time.cpp">
      <Filter>Source Files</Filter>
    </ClCompile>
    <ClCompile Include="Game\Base\Entity\Projectiles\Spoon.cpp">
      <Filter>Source Files</Filter>
    </ClCompile>
    <ClCompile Include="Game\Base\Entity\Monster.cpp">
      <Filter>Source Files</Filter>
    </ClCompile>
    <ClCompile Include="Game\Base\Entity\Player.cpp">
      <Filter>Source Files</Filter>
    </ClCompile>
    <ClCompile Include="Game\Base\Entity\Projectile.cpp">
      <Filter>Source Files</Filter>
    </ClCompile>
    <ClCompile Include="Game\Base\Entity\Skull.cpp">
      <Filter>Source Files</Filter>
    </ClCompile>
    <ClCompile Include="Game\Base\Entity\Spawner.cpp">
      <Filter>Source Files</Filter>
    </ClCompile>
    <ClCompile Include="Game\Base\Arena.cpp">
      <Filter>Source Files</Filter>
    </ClCompile>
    <ClCompile Include="Game\Base\CollisionModel.cpp">
      <Filter>Source Files</Filter>
    </ClCompile>
    <ClCompile Include="Game\Base\GameName.cpp">
      <Filter>Source Files</Filter>
    </ClCompile>
    <ClCompile Include="Game\definitions.cpp">
      <Filter>Source Files</Filter>
    </ClCompile>
    <ClCompile Include="Input\InputHandler.cpp">
      <Filter>Source Files</Filter>
    </ClCompile>
    <ClCompile Include="Render\Camera.cpp">
      <Filter>Source Files</Filter>
    </ClCompile>
    <ClCompile Include="Render\Font.cpp">
      <Filter>Source Files</Filter>
    </ClCompile>
    <ClCompile Include="Render\Model.cpp">
      <Filter>Source Files</Filter>
    </ClCompile>
    <ClCompile Include="Render\OBJModel.cpp">
      <Filter>Source Files</Filter>
    </ClCompile>
    <ClCompile Include="Render\Program.cpp">
      <Filter>Source Files</Filter>
    </ClCompile>
    <ClCompile Include="Render\Renderer.cpp">
      <Filter>Source Files</Filter>
    </ClCompile>
    <ClCompile Include="Render\Shader.cpp">
      <Filter>Source Files</Filter>
    </ClCompile>
    <ClCompile Include="Render\Texture.cpp">
      <Filter>Source Files</Filter>
    </ClCompile>
    <ClCompile Include="Render\Mapfile.cpp">
      <Filter>Source Files</Filter>
    </ClCompile>
    <ClCompile Include="Game\Base\EntityMapper.cpp">
      <Filter>Source Files</Filter>
    </ClCompile>
    <ClCompile Include="Render\Light.cpp">
      <Filter>Source Files</Filter>
    </ClCompile>
    <ClCompile Include="Render\LightManager.cpp">
      <Filter>Source Files</Filter>
    </ClCompile>
  </ItemGroup>
  <ItemGroup>
    <ClInclude Include="Audio\AudioObject.h" />
    <ClInclude Include="Audio\AudioSystem.h" />
    <ClInclude Include="Audio\Buffer.h" />
    <ClInclude Include="Audio\Effect.h" />
    <ClInclude Include="Audio\Source.h" />
    <ClInclude Include="Audio\StreamParser.h" />
    <ClInclude Include="Audio\StreamParserWav.h" />
    <ClInclude Include="Auxiliary\Config.h" />
    <ClInclude Include="Auxiliary\Filehandle.h" />
    <ClInclude Include="Auxiliary\Filesystem.h" />
    <ClInclude Include="Auxiliary\fpscounter.h" />
    <ClInclude Include="Auxiliary\Functions.h" />
    <ClInclude Include="Auxiliary\Time.h" />
    <ClInclude Include="Game\Base\Entity\Projectiles\Spoon.h" />
    <ClInclude Include="Game\Base\Entity\Entity.h" />
    <ClInclude Include="Game\Base\Entity\Monster.h" />
    <ClInclude Include="Game\Base\Entity\Player.h" />
    <ClInclude Include="Game\Base\Entity\Projectile.h" />
    <ClInclude Include="Game\Base\Entity\Skull.h" />
    <ClInclude Include="Game\Base\Entity\Spawner.h" />
    <ClInclude Include="Game\Base\Arena.h" />
    <ClInclude Include="Game\Base\CollisionModel.h" />
    <ClInclude Include="Game\Base\GameName.h" />
    <ClInclude Include="Game\definitions.h" />
    <ClInclude Include="Game\Game.h" />
    <ClInclude Include="Input\InputHandler.h" />
    <ClInclude Include="Render\Camera.h" />
    <ClInclude Include="Render\Font.h" />
    <ClInclude Include="Render\Model.h" />
    <ClInclude Include="Render\OBJModel.h" />
    <ClInclude Include="Render\Program.h" />
    <ClInclude Include="Render\Renderer.h" />
    <ClInclude Include="Render\Shader.h" />
    <ClInclude Include="Render\Texture.h" />
    <ClInclude Include="Render\Mapfile.h" />
    <ClInclude Include="Game\Base\EntityMapper.h" />
    <ClInclude Include="Render\Light.h" />
    <ClInclude Include="Render\LightManager.h" />
  </ItemGroup>
  <ItemGroup>
    <None Include="packages.config" />
  </ItemGroup>
</Project>